
Microsoft Visual Studio Solution File, Format Version 12.00
# Visual Studio Version 17
VisualStudioVersion = 17.1.32328.378
MinimumVisualStudioVersion = 10.0.40219.1
Project("{9A19103F-16F7-4668-BE54-9A1E7A4F7556}") = "EventHub.Core", "EventHub.Core\EventHub.Core.csproj", "{A17AD76F-7270-42AC-AB63-6E9B0745A2A0}"
EndProject
Project("{FAE04EC0-301F-11D3-BF4B-00C04F79EFBC}") = "EventHub.Core.Tests", "EventHub.Core.Tests\EventHub.Core.Tests.csproj", "{467A28D8-ADB2-4258-92BA-95A6FC33A4F3}"
EndProject
Global
	GlobalSection(SolutionConfigurationPlatforms) = preSolution
		Debug|Any CPU = Debug|Any CPU
		Release|Any CPU = Release|Any CPU
	EndGlobalSection
	GlobalSection(ProjectConfigurationPlatforms) = postSolution
		{A17AD76F-7270-42AC-AB63-6E9B0745A2A0}.Debug|Any CPU.ActiveCfg = Debug|Any CPU
		{A17AD76F-7270-42AC-AB63-6E9B0745A2A0}.Debug|Any CPU.Build.0 = Debug|Any CPU
		{A17AD76F-7270-42AC-AB63-6E9B0745A2A0}.Release|Any CPU.ActiveCfg = Release|Any CPU
		{A17AD76F-7270-42AC-AB63-6E9B0745A2A0}.Release|Any CPU.Build.0 = Release|Any CPU
		{467A28D8-ADB2-4258-92BA-95A6FC33A4F3}.Debug|Any CPU.ActiveCfg = Debug|Any CPU
		{467A28D8-ADB2-4258-92BA-95A6FC33A4F3}.Debug|Any CPU.Build.0 = Debug|Any CPU
		{467A28D8-ADB2-4258-92BA-95A6FC33A4F3}.Release|Any CPU.ActiveCfg = Release|Any CPU
		{467A28D8-ADB2-4258-92BA-95A6FC33A4F3}.Release|Any CPU.Build.0 = Release|Any CPU
	EndGlobalSection
	GlobalSection(SolutionProperties) = preSolution
		HideSolutionNode = FALSE
	EndGlobalSection
	GlobalSection(ExtensibilityGlobals) = postSolution
		SolutionGuid = {0E1129F6-D445-4444-90CD-D7E647D1C443}
	EndGlobalSection
EndGlobal
